{
    "version": 3,
    "terraform_version": "0.11.13",
    "serial": 7,
    "lineage": "50e4cdb8-445d-86ab-2a52-9aba434036f9",
    "modules": [
        {
            "path": [
                "root"
            ],
            "outputs": {},
            "resources": {
                "alicloud_security_group.isucon9": {
                    "type": "alicloud_security_group",
                    "depends_on": [],
                    "primary": {
                        "id": "sg-6wehvaxakulbwh943hm2",
                        "attributes": {
                            "description": "",
                            "id": "sg-6wehvaxakulbwh943hm2",
                            "inner_access": "true",
                            "name": "isucon9",
                            "vpc_id": "vpc-6we2stu4cwalrf4ehtyyb"
                        },
                        "meta": {},
                        "tainted": false
                    },
                    "deposed": [],
                    "provider": "provider.alicloud"
                },
                "alicloud_security_group_rule.isucon9_allow_all_icmp": {
                    "type": "alicloud_security_group_rule",
                    "depends_on": [
                        "alicloud_security_group.isucon9"
                    ],
                    "primary": {
                        "id": "sg-6wehvaxakulbwh943hm2:ingress:icmp:-1/-1:intranet:0.0.0.0/0:accept:10",
                        "attributes": {
                            "cidr_ip": "0.0.0.0/0",
                            "description": "",
                            "id": "sg-6wehvaxakulbwh943hm2:ingress:icmp:-1/-1:intranet:0.0.0.0/0:accept:10",
                            "ip_protocol": "icmp",
                            "nic_type": "intranet",
                            "policy": "accept",
                            "port_range": "-1/-1",
                            "priority": "10",
                            "security_group_id": "sg-6wehvaxakulbwh943hm2",
                            "source_group_owner_account": "",
                            "source_security_group_id": "",
                            "type": "ingress"
                        },
                        "meta": {},
                        "tainted": false
                    },
                    "deposed": [],
                    "provider": "provider.alicloud"
                },
                "alicloud_security_group_rule.isucon9_allow_http": {
                    "type": "alicloud_security_group_rule",
                    "depends_on": [
                        "alicloud_security_group.isucon9"
                    ],
                    "primary": {
                        "id": "sg-6wehvaxakulbwh943hm2:ingress:tcp:80/80:intranet:0.0.0.0/0:accept:10",
                        "attributes": {
                            "cidr_ip": "0.0.0.0/0",
                            "description": "",
                            "id": "sg-6wehvaxakulbwh943hm2:ingress:tcp:80/80:intranet:0.0.0.0/0:accept:10",
                            "ip_protocol": "tcp",
                            "nic_type": "intranet",
                            "policy": "accept",
                            "port_range": "80/80",
                            "priority": "10",
                            "security_group_id": "sg-6wehvaxakulbwh943hm2",
                            "source_group_owner_account": "",
                            "source_security_group_id": "",
                            "type": "ingress"
                        },
                        "meta": {},
                        "tainted": false
                    },
                    "deposed": [],
                    "provider": "provider.alicloud"
                },
                "alicloud_security_group_rule.isucon9_allow_https": {
                    "type": "alicloud_security_group_rule",
                    "depends_on": [
                        "alicloud_security_group.isucon9"
                    ],
                    "primary": {
                        "id": "sg-6wehvaxakulbwh943hm2:ingress:tcp:443/443:intranet:0.0.0.0/0:accept:10",
                        "attributes": {
                            "cidr_ip": "0.0.0.0/0",
                            "description": "",
                            "id": "sg-6wehvaxakulbwh943hm2:ingress:tcp:443/443:intranet:0.0.0.0/0:accept:10",
                            "ip_protocol": "tcp",
                            "nic_type": "intranet",
                            "policy": "accept",
                            "port_range": "443/443",
                            "priority": "10",
                            "security_group_id": "sg-6wehvaxakulbwh943hm2",
                            "source_group_owner_account": "",
                            "source_security_group_id": "",
                            "type": "ingress"
                        },
                        "meta": {},
                        "tainted": false
                    },
                    "deposed": [],
                    "provider": "provider.alicloud"
                },
                "alicloud_security_group_rule.isucon9_allow_ssh": {
                    "type": "alicloud_security_group_rule",
                    "depends_on": [
                        "alicloud_security_group.isucon9"
                    ],
                    "primary": {
                        "id": "sg-6wehvaxakulbwh943hm2:ingress:tcp:22/22:intranet:0.0.0.0/0:accept:10",
                        "attributes": {
                            "cidr_ip": "0.0.0.0/0",
                            "description": "",
                            "id": "sg-6wehvaxakulbwh943hm2:ingress:tcp:22/22:intranet:0.0.0.0/0:accept:10",
                            "ip_protocol": "tcp",
                            "nic_type": "intranet",
                            "policy": "accept",
                            "port_range": "22/22",
                            "priority": "10",
                            "security_group_id": "sg-6wehvaxakulbwh943hm2",
                            "source_group_owner_account": "",
                            "source_security_group_id": "",
                            "type": "ingress"
                        },
                        "meta": {},
                        "tainted": false
                    },
                    "deposed": [],
                    "provider": "provider.alicloud"
                }
            },
            "depends_on": []
        }
    ]
}
